<?xml version="1.0" encoding="utf-8"?>
<Project ToolsVersion="4.0" xmlns="http://schemas.microsoft.com/developer/msbuild/2003">
  <ItemGroup>
    <Filter Include="Source Files">
      <UniqueIdentifier>{4FC737F1-C7A5-4376-A066-2A32D752A2FF}</UniqueIdentifier>
      <Extensions>cpp;c;cc;cxx;def;odl;idl;hpj;bat;asm;asmx</Extensions>
    </Filter>
    <Filter Include="Header Files">
      <UniqueIdentifier>{93995380-89BD-4b04-88EB-625FBE52EBFB}</UniqueIdentifier>
      <Extensions>h;hpp;hxx;hm;inl;inc;xsd</Extensions>
    </Filter>
    <Filter Include="Resource Files">
      <UniqueIdentifier>{67DA6AB6-F800-4c08-8B7A-83BB121AAD01}</UniqueIdentifier>
      <Extensions>rc;ico;cur;bmp;dlg;rc2;rct;bin;rgs;gif;jpg;jpeg;jpe;resx;tiff;tif;png;wav;mfcribbon-ms</Extensions>
    </Filter>
    <Filter Include="Source Files\Graph">
      <UniqueIdentifier>{a0c3b4d0-e8c1-4fff-8516-8bc8923b5634}</UniqueIdentifier>
    </Filter>
    <Filter Include="Source Files\Entity">
      <UniqueIdentifier>{0715d3d3-26c4-4846-9681-0f29f3f795e1}</UniqueIdentifier>
    </Filter>
    <Filter Include="Source Files\Weapon">
      <UniqueIdentifier>{55457478-fe60-4714-a11f-a1266ae00ee1}</UniqueIdentifier>
    </Filter>
    <Filter Include="Source Files\Menu">
      <UniqueIdentifier>{b419cc4c-c8a9-44b1-b752-d8ff9615590c}</UniqueIdentifier>
    </Filter>
    <Filter Include="Source Files\Game">
      <UniqueIdentifier>{a114fceb-0f4c-4dd1-b112-a955a2c75a04}</UniqueIdentifier>
    </Filter>
    <Filter Include="Source Files\Game\states">
      <UniqueIdentifier>{71b000be-e716-43bb-bfea-4b422692b646}</UniqueIdentifier>
    </Filter>
    <Filter Include="Source Files\Utility">
      <UniqueIdentifier>{cbaf93c3-6bdf-43a7-b524-fbb7535a4204}</UniqueIdentifier>
    </Filter>
    <Filter Include="Source Files\Controller">
      <UniqueIdentifier>{d54729b6-58fb-4451-963d-92fb5a73726a}</UniqueIdentifier>
    </Filter>
  </ItemGroup>
  <ItemGroup>
    <ClCompile Include="Game\Game.cpp">
      <Filter>Source Files\Game</Filter>
    </ClCompile>
    <ClCompile Include="main.cpp">
      <Filter>Source Files</Filter>
    </ClCompile>
    <ClCompile Include="Game\States\GameMainMenuState.cpp">
      <Filter>Source Files\Game\states</Filter>
    </ClCompile>
    <ClCompile Include="Game\States\GameRunState.cpp">
      <Filter>Source Files\Game\states</Filter>
    </ClCompile>
    <ClCompile Include="Menu\MainMenu.cpp">
      <Filter>Source Files\Menu</Filter>
    </ClCompile>
    <ClCompile Include="Graph\Map.cpp">
      <Filter>Source Files\Graph</Filter>
    </ClCompile>
    <ClCompile Include="Controller\ControllerXbox.cpp">
      <Filter>Source Files\Controller</Filter>
    </ClCompile>
  </ItemGroup>
  <ItemGroup>
    <ClInclude Include="Game\Game.h">
      <Filter>Source Files\Game</Filter>
    </ClInclude>
    <ClInclude Include="Game\States\BaseGameState.h">
      <Filter>Source Files\Game\states</Filter>
    </ClInclude>
    <ClInclude Include="Utility\Enum.h">
      <Filter>Source Files\Utility</Filter>
    </ClInclude>
    <ClInclude Include="Utility\WindowInfo.h">
      <Filter>Source Files\Utility</Filter>
    </ClInclude>
    <ClInclude Include="Game\States\GameMainMenuState.h">
      <Filter>Source Files\Game\states</Filter>
    </ClInclude>
    <ClInclude Include="Game\States\GameRunState.h">
      <Filter>Source Files\Game\states</Filter>
    </ClInclude>
    <ClInclude Include="Menu\MainMenu.h">
      <Filter>Source Files\Menu</Filter>
    </ClInclude>
    <ClInclude Include="Menu\MenuObject.h">
      <Filter>Source Files\Menu</Filter>
    </ClInclude>
    <ClInclude Include="Graph\Map.h">
      <Filter>Source Files\Graph</Filter>
    </ClInclude>
    <ClInclude Include="Controller\ControllerXBox.h">
      <Filter>Source Files\Controller</Filter>
    </ClInclude>
    <ClInclude Include="Graph\MapElement.h">
      <Filter>Source Files\Graph</Filter>
    </ClInclude>
    <ClInclude Include="Utility\Helper.h">
      <Filter>Source Files\Utility</Filter>
    </ClInclude>
  </ItemGroup>
</Project>